// !$*UTF8*$!
{
	archiveVersion = 1;
	classes = {
	};
	objectVersion = 46;
	objects = {

/* Begin PBXBuildFile section */
		EDF17F6C1ECCB77A00039AE9 /* main.m in Sources */ = {isa = PBXBuildFile; fileRef = EDF17F6B1ECCB77A00039AE9 /* main.m */; };
		EDF17F6F1ECCB77A00039AE9 /* AppDelegate.m in Sources */ = {isa = PBXBuildFile; fileRef = EDF17F6E1ECCB77A00039AE9 /* AppDelegate.m */; };
		EDF17F721ECCB77A00039AE9 /* ViewController.m in Sources */ = {isa = PBXBuildFile; fileRef = EDF17F711ECCB77A00039AE9 /* ViewController.m */; };
		EDF17F751ECCB77A00039AE9 /* Main.storyboard in Resources */ = {isa = PBXBuildFile; fileRef = EDF17F731ECCB77A00039AE9 /* Main.storyboard */; };
		EDF17F771ECCB77A00039AE9 /* Assets.xcassets in Resources */ = {isa = PBXBuildFile; fileRef = EDF17F761ECCB77A00039AE9 /* Assets.xcassets */; };
		EDF17F7A1ECCB77A00039AE9 /* LaunchScreen.storyboard in Resources */ = {isa = PBXBuildFile; fileRef = EDF17F781ECCB77A00039AE9 /* LaunchScreen.storyboard */; };
/* End PBXBuildFile section */

/* Begin PBXFileReference section */
		EDF17F671ECCB77A00039AE9 /* InstaKilo.app */ = {isa = PBXFileReference; explicitFileType = wrapper.application; includeInIndex = 0; path = InstaKilo.app; sourceTree = BUILT_PRODUCTS_DIR; };
		EDF17F6B1ECCB77A00039AE9 /* main.m */ = {isa = PBXFileReference; lastKnownFileType = sourcecode.c.objc; path = main.m; sourceTree = "<group>"; };
		EDF17F6D1ECCB77A00039AE9 /* AppDelegate.h */ = {isa = PBXFileReference; lastKnownFileType = sourcecode.c.h; path = AppDelegate.h; sourceTree = "<group>"; };
		EDF17F6E1ECCB77A00039AE9 /* AppDelegate.m */ = {isa = PBXFileReference; lastKnownFileType = sourcecode.c.objc; path = AppDelegate.m; sourceTree = "<group>"; };
		EDF17F701ECCB77A00039AE9 /* ViewController.h */ = {isa = PBXFileReference; lastKnownFileType = sourcecode.c.h; path = ViewController.h; sourceTree = "<group>"; };
		EDF17F711ECCB77A00039AE9 /* ViewController.m */ = {isa = PBXFileReference; lastKnownFileType = sourcecode.c.objc; path = ViewController.m; sourceTree = "<group>"; };
		EDF17F741ECCB77A00039AE9 /* Base */ = {isa = PBXFileReference; lastKnownFileType = file.storyboard; name = Base; path = Base.lproj/Main.storyboard; sourceTree = "<group>"; };
		EDF17F761ECCB77A00039AE9 /* Assets.xcassets */ = {isa = PBXFileReference; lastKnownFileType = folder.assetcatalog; path = Assets.xcassets; sourceTree = "<group>"; };
		EDF17F791ECCB77A00039AE9 /* Base */ = {isa = PBXFileReference; lastKnownFileType = file.storyboard; name = Base; path = Base.lproj/LaunchScreen.storyboard; sourceTree = "<group>"; };
		EDF17F7B1ECCB77A00039AE9 /* Info.plist */ = {isa = PBXFileReference; lastKnownFileType = text.plist.xml; path = Info.plist; sourceTree = "<group>"; };
/* End PBXFileReference section */

/* Begin PBXFrameworksBuildPhase section */
		EDF17F641ECCB77A00039AE9 /* Frameworks */ = {
			isa = PBXFrameworksBuildPhase;
			buildActionMask = 2147483647;
			files = (
			);
			runOnlyForDeploymentPostprocessing = 0;
		};
/* End PBXFrameworksBuildPhase section */

/* Begin PBXGroup section */
		EDF17F5E1ECCB77A00039AE9 = {
			isa = PBXGroup;
			children = (
				EDF17F691ECCB77A00039AE9 /* InstaKilo */,
				EDF17F681ECCB77A00039AE9 /* Products */,
			);
			sourceTree = "<group>";
		};
		EDF17F681ECCB77A00039AE9 /* Products */ = {
			isa = PBXGroup;
			children = (
				EDF17F671ECCB77A00039AE9 /* InstaKilo.app */,
			);
			name = Products;
			sourceTree = "<group>";
		};
		EDF17F691ECCB77A00039AE9 /* InstaKilo */ = {
			isa = PBXGroup;
			children = (
				EDF17F6D1ECCB77A00039AE9 /* AppDelegate.h */,
				EDF17F6E1ECCB77A00039AE9 /* AppDelegate.m */,
				EDF17F701ECCB77A00039AE9 /* ViewController.h */,
				EDF17F711ECCB77A00039AE9 /* ViewController.m */,
				EDF17F731ECCB77A00039AE9 /* Main.storyboard */,
				EDF17F761ECCB77A00039AE9 /* Assets.xcassets */,
				EDF17F781ECCB77A00039AE9 /* LaunchScreen.storyboard */,
				EDF17F7B1ECCB77A00039AE9 /* Info.plist */,
				EDF17F6A1ECCB77A00039AE9 /* Supporting Files */,
			);
			path = InstaKilo;
			sourceTree = "<group>";
		};
		EDF17F6A1ECCB77A00039AE9 /* Supporting Files */ = {
			isa = PBXGroup;
			children = (
				EDF17F6B1ECCB77A00039AE9 /* main.m */,
			);
			name = "Supporting Files";
			sourceTree = "<group>";
		};
/* End PBXGroup section */

/* Begin PBXNativeTarget section */
		EDF17F661ECCB77A00039AE9 /* InstaKilo */ = {
			isa = PBXNativeTarget;
			buildConfigurationList = EDF17F7E1ECCB77A00039AE9 /* Build configuration list for PBXNativeTarget "InstaKilo" */;
			buildPhases = (
				EDF17F631ECCB77A00039AE9 /* Sources */,
				EDF17F641ECCB77A00039AE9 /* Frameworks */,
				EDF17F651ECCB77A00039AE9 /* Resources */,
			);
			buildRules = (
			);
			dependencies = (
			);
			name = InstaKilo;
			productName = InstaKilo;
			productReference = EDF17F671ECCB77A00039AE9 /* InstaKilo.app */;
			productType = "com.apple.product-type.application";
		};
/* End PBXNativeTarget section */

/* Begin PBXProject section */
		EDF17F5F1ECCB77A00039AE9 /* Project object */ = {
			isa = PBXProject;
			attributes = {
				LastUpgradeCheck = 0830;
				ORGANIZATIONNAME = "Shreve LaFramenta";
				TargetAttributes = {
					EDF17F661ECCB77A00039AE9 = {
						CreatedOnToolsVersion = 8.3.2;
						DevelopmentTeam = 28JYQ4N784;
						ProvisioningStyle = Automatic;
					};
				};
			};
			buildConfigurationList = EDF17F621ECCB77A00039AE9 /* Build configuration list for PBXProject "InstaKilo" */;
			compatibilityVersion = "Xcode 3.2";
			developmentRegion = English;
			hasScannedForEncodings = 0;
			knownRegions = (
				en,
				Base,
			);
			mainGroup = EDF17F5E1ECCB77A00039AE9;
			productRefGroup = EDF17F681ECCB77A00039AE9 /* Products */;
			projectDirPath = "";
			projectRoot = "";
			targets = (
				EDF17F661ECCB77A00039AE9 /* InstaKilo */,
			);
		};
/* End PBXProject section */

/* Begin PBXResourcesBuildPhase section */
		EDF17F651ECCB77A00039AE9 /* Resources */ = {
			isa = PBXResourcesBuildPhase;
			buildActionMask = 2147483647;
			files = (
				EDF17F7A1ECCB77A00039AE9 /* LaunchScreen.storyboard in Resources */,
				EDF17F771ECCB77A00039AE9 /* Assets.xcassets in Resources */,
				EDF17F751ECCB77A00039AE9 /* Main.storyboard in Resources */,
			);
			runOnlyForDeploymentPostprocessing = 0;
		};
/* End PBXResourcesBuildPhase section */

/* Begin PBXSourcesBuildPhase section */
		EDF17F631ECCB77A00039AE9 /* Sources */ = {
			isa = PBXSourcesBuildPhase;
			buildActionMask = 2147483647;
			files = (
				EDF17F721ECCB77A00039AE9 /* ViewController.m in Sources */,
				EDF17F6F1ECCB77A00039AE9 /* AppDelegate.m in Sources */,
				EDF17F6C1ECCB77A00039AE9 /* main.m in Sources */,
			);
			runOnlyForDeploymentPostprocessing = 0;
		};
/* End PBXSourcesBuildPhase section */

/* Begin PBXVariantGroup section */
		EDF17F731ECCB77A00039AE9 /* Main.storyboard */ = {
			isa = PBXVariantGroup;
			children = (
				EDF17F741ECCB77A00039AE9 /* Base */,
			);
			name = Main.storyboard;
			sourceTree = "<group>";
		};
		EDF17F781ECCB77A00039AE9 /* LaunchScreen.storyboard */ = {
			isa = PBXVariantGroup;
			children = (
				EDF17F791ECCB77A00039AE9 /* Base */,
			);
			name = LaunchScreen.storyboard;
			sourceTree = "<group>";
		};
/* End PBXVariantGroup section */

/* Begin XCBuildConfiguration section */
		EDF17F7C1ECCB77A00039AE9 /* Debug */ = {
			isa = XCBuildConfiguration;
			buildSettings = {
				ALWAYS_SEARCH_USER_PATHS = NO;
				CLANG_ANALYZER_NONNULL = YES;
				CLANG_ANALYZER_NUMBER_OBJECT_CONVERSION = YES_AGGRESSIVE;
				CLANG_CXX_LANGUAGE_STANDARD = "gnu++0x";
				CLANG_CXX_LIBRARY = "libc++";
				CLANG_ENABLE_MODULES = YES;
				CLANG_ENABLE_OBJC_ARC = YES;
				CLANG_WARN_BOOL_CONVERSION = YES;
				CLANG_WARN_CONSTANT_CONVERSION = YES;
				CLANG_WARN_DIRECT_OBJC_ISA_USAGE = YES_ERROR;
				CLANG_WARN_DOCUMENTATION_COMMENTS = YES;
				CLANG_WARN_EMPTY_BODY = YES;
				CLANG_WARN_ENUM_CONVERSION = YES;
				CLANG_WARN_INFINITE_RECURSION = YES;
				CLANG_WARN_INT_CONVERSION = YES;
				CLANG_WARN_OBJC_ROOT_CLASS = YES_ERROR;
				CLANG_WARN_SUSPICIOUS_MOVE = YES;
				CLANG_WARN_UNREACHABLE_CODE = YES;
				CLANG_WARN__DUPLICATE_METHOD_MATCH = YES;
				"CODE_SIGN_IDENTITY[sdk=iphoneos*]" = "iPhone Developer";
				COPY_PHASE_STRIP = NO;
				DEBUG_INFORMATION_FORMAT = dwarf;
				ENABLE_STRICT_OBJC_MSGSEND = YES;
				ENABLE_TESTABILITY = YES;
				GCC_C_LANGUAGE_STANDARD = gnu99;
				GCC_DYNAMIC_NO_PIC = NO;
				GCC_NO_COMMON_BLOCKS = YES;
				GCC_OPTIMIZATION_LEVEL = 0;
				GCC_PREPROCESSOR_DEFINITIONS = (
					"DEBUG=1",
					"$(inherited)",
				);
				GCC_WARN_64_TO_32_BIT_CONVERSION = YES;
				GCC_WARN_ABOUT_RETURN_TYPE = YES_ERROR;
				GCC_WARN_UNDECLARED_SELECTOR = YES;
				GCC_WARN_UNINITIALIZED_AUTOS = YES_AGGRESSIVE;
				GCC_WARN_UNUSED_FUNCTION = YES;
				GCC_WARN_UNUSED_VARIABLE = YES;
				IPHONEOS_DEPLOYMENT_TARGET = 10.3;
				MTL_ENABLE_DEBUG_INFO = YES;
				ONLY_ACTIVE_ARCH = YES;
				SDKROOT = iphoneos;
			};
			name = Debug;
		};
		EDF17F7D1ECCB77A00039AE9 /* Release */ = {
			isa = XCBuildConfiguration;
			buildSettings = {
				ALWAYS_SEARCH_USER_PATHS = NO;
				CLANG_ANALYZER_NONNULL = YES;
				CLANG_ANALYZER_NUMBER_OBJECT_CONVERSION = YES_AGGRESSIVE;
				CLANG_CXX_LANGUAGE_STANDARD = "gnu++0x";
				CLANG_CXX_LIBRARY = "libc++";
				CLANG_ENABLE_MODULES = YES;
				CLANG_ENABLE_OBJC_ARC = YES;
				CLANG_WARN_BOOL_CONVERSION = YES;
				CLANG_WARN_CONSTANT_CONVERSION = YES;
				CLANG_WARN_DIRECT_OBJC_ISA_USAGE = YES_ERROR;
				CLANG_WARN_DOCUMENTATION_COMMENTS = YES;
				CLANG_WARN_EMPTY_BODY = YES;
				CLANG_WARN_ENUM_CONVERSION = YES;
				CLANG_WARN_INFINITE_RECURSION = YES;
				CLANG_WARN_INT_CONVERSION = YES;
				CLANG_WARN_OBJC_ROOT_CLASS = YES_ERROR;
				CLANG_WARN_SUSPICIOUS_MOVE = YES;
				CLANG_WARN_UNREACHABLE_CODE = YES;
				CLANG_WARN__DUPLICATE_METHOD_MATCH = YES;
				"CODE_SIGN_IDENTITY[sdk=iphoneos*]" = "iPhone Developer";
				COPY_PHASE_STRIP = NO;
				DEBUG_INFORMATION_FORMAT = "dwarf-with-dsym";
				ENABLE_NS_ASSERTIONS = NO;
				ENABLE_STRICT_OBJC_MSGSEND = YES;
				GCC_C_LANGUAGE_STANDARD = gnu99;
				GCC_NO_COMMON_BLOCKS = YES;
				GCC_WARN_64_TO_32_BIT_CONVERSION = YES;
				GCC_WARN_ABOUT_RETURN_TYPE = YES_ERROR;
				GCC_WARN_UNDECLARED_SELECTOR = YES;
				GCC_WARN_UNINITIALIZED_AUTOS = YES_AGGRESSIVE;
				GCC_WARN_UNUSED_FUNCTION = YES;
				GCC_WARN_UNUSED_VARIABLE = YES;
				IPHONEOS_DEPLOYMENT_TARGET = 10.3;
				MTL_ENABLE_DEBUG_INFO = NO;
				SDKROOT = iphoneos;
				VALIDATE_PRODUCT = YES;
			};
			name = Release;
		};
		EDF17F7F1ECCB77A00039AE9 /* Debug */ = {
			isa = XCBuildConfiguration;
			buildSettings = {
				ASSETCATALOG_COMPILER_APPICON_NAME = AppIcon;
				DEVELOPMENT_TEAM = 28JYQ4N784;
				INFOPLIST_FILE = InstaKilo/Info.plist;
				LD_RUNPATH_SEARCH_PATHS = "$(inherited) @executable_path/Frameworks";
				PRODUCT_BUNDLE_IDENTIFIER = labs.InstaKilo;
				PRODUCT_NAME = "$(TARGET_NAME)";
			};
			name = Debug;
		};
		EDF17F801ECCB77A00039AE9 /* Release */ = {
			isa = XCBuildConfiguration;
			buildSettings = {
				ASSETCATALOG_COMPILER_APPICON_NAME = AppIcon;
				DEVELOPMENT_TEAM = 28JYQ4N784;
				INFOPLIST_FILE = InstaKilo/Info.plist;
				LD_RUNPATH_SEARCH_PATHS = "$(inherited) @executable_path/Frameworks";
				PRODUCT_BUNDLE_IDENTIFIER = labs.InstaKilo;
				PRODUCT_NAME = "$(TARGET_NAME)";
			};
			name = Release;
		};
/* End XCBuildConfiguration section */

/* Begin XCConfigurationList section */
		EDF17F621ECCB77A00039AE9 /* Build configuration list for PBXProject "InstaKilo" */ = {
			isa = XCConfigurationList;
			buildConfigurations = (
				EDF17F7C1ECCB77A00039AE9 /* Debug */,
				EDF17F7D1ECCB77A00039AE9 /* Release */,
			);
			defaultConfigurationIsVisible = 0;
			defaultConfigurationName = Release;
		};
		EDF17F7E1ECCB77A00039AE9 /* Build configuration list for PBXNativeTarget "InstaKilo" */ = {
			isa = XCConfigurationList;
			buildConfigurations = (
				EDF17F7F1ECCB77A00039AE9 /* Debug */,
				EDF17F801ECCB77A00039AE9 /* Release */,
			);
			defaultConfigurationIsVisible = 0;
		};
/* End XCConfigurationList section */
	};
	rootObject = EDF17F5F1ECCB77A00039AE9 /* Project object */;
}
